// !$*UTF8*$!
{
	archiveVersion = 1;
	classes = {
	};
	objectVersion = 46;
	objects = {

/* Begin PBXBuildFile section */
		0207DA581B56EA530066E2B4 /* Images.xcassets in Resources */ = {isa = PBXBuildFile; fileRef = 0207DA571B56EA530066E2B4 /* Images.xcassets */; };
		04454AE5AF9C4448BD950921 /* SystemConfiguration.framework in Frameworks */ = {isa = PBXBuildFile; fileRef = 171BC94C9B024061BBAE2E24 /* SystemConfiguration.framework */; settings = {ATTRIBUTES = (Weak, ); }; };
		04F53AFD804249CB8132AA87 /* CDVInAppBrowser.m in Sources */ = {isa = PBXBuildFile; fileRef = 36BF870B5D7C4A20B142A7D5 /* CDVInAppBrowser.m */; };
		1087E7CE3BA6460FA1D94010 /* CDVFile.m in Sources */ = {isa = PBXBuildFile; fileRef = 606507E099AE47A0B4893CEC /* CDVFile.m */; };
		1B07094194CA4E7EBB94DF85 /* CDVDevice.m in Sources */ = {isa = PBXBuildFile; fileRef = D8C276E337FF4D329AE1C30B /* CDVDevice.m */; };
		1D3623260D0F684500981E51 /* AppDelegate.m in Sources */ = {isa = PBXBuildFile; fileRef = 1D3623250D0F684500981E51 /* AppDelegate.m */; };
		1D60589B0D05DD56006BFB54 /* main.m in Sources */ = {isa = PBXBuildFile; fileRef = 29B97316FDCFA39411CA2CEA /* main.m */; };
		2254283FD42442BBB0E3F510 /* CDVViewController+SplashScreen.m in Sources */ = {isa = PBXBuildFile; fileRef = BA32653DF9984F47A8CECA17 /* CDVViewController+SplashScreen.m */; };
		24EE4471FCCB46A887F1B628 /* CDVGlobalization.m in Sources */ = {isa = PBXBuildFile; fileRef = 900D39C86B3049CC8B37F855 /* CDVGlobalization.m */; };
		271621C429604B6CA960E697 /* CDVReachability.m in Sources */ = {isa = PBXBuildFile; fileRef = 43A98D776E114457AC564081 /* CDVReachability.m */; };
		29B25478BE844BAD925BA0D1 /* CDVNotification.bundle in Resources */ = {isa = PBXBuildFile; fileRef = 561B38CED67E4EC0A2D2D3BA /* CDVNotification.bundle */; };
		29C6745AEFD4493FB6F615D0 /* AVFoundation.framework in Frameworks */ = {isa = PBXBuildFile; fileRef = 58949F315C964366989F31B7 /* AVFoundation.framework */; };
		2C5FA124C41546059D30A275 /* CoreTelephony.framework in Frameworks */ = {isa = PBXBuildFile; fileRef = CD384024E7AF41B4AE6773E4 /* CoreTelephony.framework */; };
		301BF552109A68D80062928A /* libCordova.a in Frameworks */ = {isa = PBXBuildFile; fileRef = 301BF535109A57CC0062928A /* libCordova.a */; };
		302D95F114D2391D003F00A1 /* MainViewController.m in Sources */ = {isa = PBXBuildFile; fileRef = 302D95EF14D2391D003F00A1 /* MainViewController.m */; };
		302D95F214D2391D003F00A1 /* MainViewController.xib in Resources */ = {isa = PBXBuildFile; fileRef = 302D95F014D2391D003F00A1 /* MainViewController.xib */; };
		3047A5121AB8059700498E2A /* build-debug.xcconfig in Resources */ = {isa = PBXBuildFile; fileRef = 3047A50F1AB8059700498E2A /* build-debug.xcconfig */; };
		3047A5131AB8059700498E2A /* build-release.xcconfig in Resources */ = {isa = PBXBuildFile; fileRef = 3047A5101AB8059700498E2A /* build-release.xcconfig */; };
		3047A5141AB8059700498E2A /* build.xcconfig in Resources */ = {isa = PBXBuildFile; fileRef = 3047A5111AB8059700498E2A /* build.xcconfig */; };
		30A2A1DFA5C44A23AE66A48B /* ImageIO.framework in Frameworks */ = {isa = PBXBuildFile; fileRef = 53C2E479B86A4862B3298496 /* ImageIO.framework */; settings = {ATTRIBUTES = (Weak, ); }; };
		30D08957100448C69F576B52 /* CDVContact.m in Sources */ = {isa = PBXBuildFile; fileRef = BD4540699E7E4B7FB77E04E8 /* CDVContact.m */; };
		37BA9821CD61471A9DBB5FA2 /* AddressBookUI.framework in Frameworks */ = {isa = PBXBuildFile; fileRef = 048EBC7847054E4EAE80523F /* AddressBookUI.framework */; settings = {ATTRIBUTES = (Weak, ); }; };
		3D5CFAB62FCB4340AD81026E /* CDVConnection.m in Sources */ = {isa = PBXBuildFile; fileRef = BD5A32BFBBB4437A982A929C /* CDVConnection.m */; };
		540DCB863E6748629A05AA23 /* UIImage+CropScaleOrientation.m in Sources */ = {isa = PBXBuildFile; fileRef = 105A4B563CBB4F34B270FB80 /* UIImage+CropScaleOrientation.m */; };
		5451DB8A2FD643029C3DBB3B /* CoreLocation.framework in Frameworks */ = {isa = PBXBuildFile; fileRef = 636924A387B94230B1CF13EB /* CoreLocation.framework */; };
		5E730B4C415941FBB51F618C /* CDVLocation.m in Sources */ = {isa = PBXBuildFile; fileRef = 37FEB75715CD447AAC2995EC /* CDVLocation.m */; };
		5FC5CDD47701445BAC35F701 /* CDVCapture.m in Sources */ = {isa = PBXBuildFile; fileRef = 0FA6370A94A64B23AE07143C /* CDVCapture.m */; };
		620BC186FFF04B7FABF80BD8 /* CDVAssetLibraryFilesystem.m in Sources */ = {isa = PBXBuildFile; fileRef = 2ACCC76D6D224206B438EDA0 /* CDVAssetLibraryFilesystem.m */; };
		6ED1C91D0B2E45D19AFA0CB5 /* CDVCamera.m in Sources */ = {isa = PBXBuildFile; fileRef = 449BE2A93F514CFB927D78DB /* CDVCamera.m */; };
		776F4D8801624B10BEFC99A4 /* CDVLocalFilesystem.m in Sources */ = {isa = PBXBuildFile; fileRef = 3394E6CEC41845D89FEA8067 /* CDVLocalFilesystem.m */; };
		7889BC52261B4B81A0DA8178 /* CDVLogger.m in Sources */ = {isa = PBXBuildFile; fileRef = CB8B44AA215F4511907215BF /* CDVLogger.m */; };
		8021F8D21DA348E38F6B0589 /* AudioToolbox.framework in Frameworks */ = {isa = PBXBuildFile; fileRef = 17794FFB60B34E28B852C28B /* AudioToolbox.framework */; settings = {ATTRIBUTES = (Weak, ); }; };
		812832AF16814D51A2636866 /* CDVJpegHeaderWriter.m in Sources */ = {isa = PBXBuildFile; fileRef = 172144CA77E842608A525521 /* CDVJpegHeaderWriter.m */; };
		8FF996EF941F40748F69DC7F /* CDVBattery.m in Sources */ = {isa = PBXBuildFile; fileRef = 1986EC966017426293192060 /* CDVBattery.m */; };
		9805EC229B3849D2B9FD222B /* CDVNotification.m in Sources */ = {isa = PBXBuildFile; fileRef = 9EE352E02999458A96477594 /* CDVNotification.m */; };
		AA9362674C9443D9BC9C212B /* CDVAccelerometer.m in Sources */ = {isa = PBXBuildFile; fileRef = 5CB8EBCA9ECF47608FAAE503 /* CDVAccelerometer.m */; };
		B0DB704E8E5A4F218ECE3A12 /* CDVSound.m in Sources */ = {isa = PBXBuildFile; fileRef = C8CF61AE7CC74D8A8D77F664 /* CDVSound.m */; };
		C32DAB7C69F14AF09839BFC6 /* CDVCompass.m in Sources */ = {isa = PBXBuildFile; fileRef = 6412EECD0AB148D9B98BA7CF /* CDVCompass.m */; };
		C55E19A2DBBF4AC7B2EB390E /* CDVSplashScreen.m in Sources */ = {isa = PBXBuildFile; fileRef = A80B9C0A62F14962AE856A22 /* CDVSplashScreen.m */; };
		C6DD1C9E89F14657B5C3EA7E /* CoreMotion.framework in Frameworks */ = {isa = PBXBuildFile; fileRef = D6637E078C454DB98188FE77 /* CoreMotion.framework */; };
		DED457C3FBC24152A78242AB /* CDVCapture.bundle in Resources */ = {isa = PBXBuildFile; fileRef = CFCB115A023A43E0A18F69E6 /* CDVCapture.bundle */; };
		E1E8F527B76E424F900720DA /* AddressBook.framework in Frameworks */ = {isa = PBXBuildFile; fileRef = 0A9A9F1F6F5D485788F28CE8 /* AddressBook.framework */; settings = {ATTRIBUTES = (Weak, ); }; };
		EB4232033E194A9990C0DF9D /* CDVStatusBar.m in Sources */ = {isa = PBXBuildFile; fileRef = 0A71164448174FF4B964EE56 /* CDVStatusBar.m */; };
		EC5A9088B5474C5798EDA4D2 /* CDVContacts.m in Sources */ = {isa = PBXBuildFile; fileRef = 06938BB9AC924E3C892C6836 /* CDVContacts.m */; };
		EFBCA1282CE44368B61DD7A3 /* CDVVibration.m in Sources */ = {isa = PBXBuildFile; fileRef = 7B4FE11FFFC24FA2A23D42DB /* CDVVibration.m */; };
		FD4366DB723C44699370DE8E /* CDVFileTransfer.m in Sources */ = {isa = PBXBuildFile; fileRef = 24F88276B3B3478CA7E214F8 /* CDVFileTransfer.m */; };
/* End PBXBuildFile section */

/* Begin PBXContainerItemProxy section */
		301BF534109A57CC0062928A /* PBXContainerItemProxy */ = {
			isa = PBXContainerItemProxy;
			containerPortal = 301BF52D109A57CC0062928A /* CordovaLib.xcodeproj */;
			proxyType = 2;
			remoteGlobalIDString = D2AAC07E0554694100DB518D;
			remoteInfo = CordovaLib;
		};
		301BF550109A68C00062928A /* PBXContainerItemProxy */ = {
			isa = PBXContainerItemProxy;
			containerPortal = 301BF52D109A57CC0062928A /* CordovaLib.xcodeproj */;
			proxyType = 1;
			remoteGlobalIDString = D2AAC07D0554694100DB518D;
			remoteInfo = CordovaLib;
		};
/* End PBXContainerItemProxy section */

/* Begin PBXFileReference section */
		0207DA571B56EA530066E2B4 /* Images.xcassets */ = {isa = PBXFileReference; lastKnownFileType = folder.assetcatalog; name = Images.xcassets; path = ProvaPG/Images.xcassets; sourceTree = SOURCE_ROOT; };
		048EBC7847054E4EAE80523F /* AddressBookUI.framework */ = {isa = PBXFileReference; explicitFileType = undefined; fileEncoding = 9; includeInIndex = 0; lastKnownFileType = wrapper.framework; name = AddressBookUI.framework; path = System/Library/Frameworks/AddressBookUI.framework; sourceTree = SDKROOT; };
		06097CF1CBCE49C29816BFEF /* CDVSound.h */ = {isa = PBXFileReference; explicitFileType = undefined; fileEncoding = 4; includeInIndex = 0; lastKnownFileType = sourcecode.c.h; name = CDVSound.h; path = "cordova-plugin-media/CDVSound.h"; sourceTree = "<group>"; };
		06938BB9AC924E3C892C6836 /* CDVContacts.m */ = {isa = PBXFileReference; explicitFileType = undefined; fileEncoding = 4; includeInIndex = 0; lastKnownFileType = sourcecode.c.objc; name = CDVContacts.m; path = "cordova-plugin-contacts/CDVContacts.m"; sourceTree = "<group>"; };
		0A71164448174FF4B964EE56 /* CDVStatusBar.m */ = {isa = PBXFileReference; explicitFileType = undefined; fileEncoding = 4; includeInIndex = 0; lastKnownFileType = sourcecode.c.objc; name = CDVStatusBar.m; path = "cordova-plugin-statusbar/CDVStatusBar.m"; sourceTree = "<group>"; };
		0A9A9F1F6F5D485788F28CE8 /* AddressBook.framework */ = {isa = PBXFileReference; explicitFileType = undefined; fileEncoding = 9; includeInIndex = 0; lastKnownFileType = wrapper.framework; name = AddressBook.framework; path = System/Library/Frameworks/AddressBook.framework; sourceTree = SDKROOT; };
		0FA6370A94A64B23AE07143C /* CDVCapture.m */ = {isa = PBXFileReference; explicitFileType = undefined; fileEncoding = 4; includeInIndex = 0; lastKnownFileType = sourcecode.c.objc; name = CDVCapture.m; path = "cordova-plugin-media-capture/CDVCapture.m"; sourceTree = "<group>"; };
		105A4B563CBB4F34B270FB80 /* UIImage+CropScaleOrientation.m */ = {isa = PBXFileReference; explicitFileType = undefined; fileEncoding = 4; includeInIndex = 0; lastKnownFileType = sourcecode.c.objc; name = "UIImage+CropScaleOrientation.m"; path = "cordova-plugin-camera/UIImage+CropScaleOrientation.m"; sourceTree = "<group>"; };
		1592E884116642B288E03574 /* CDVLogger.h */ = {isa = PBXFileReference; explicitFileType = undefined; fileEncoding = 4; includeInIndex = 0; lastKnownFileType = sourcecode.c.h; name = CDVLogger.h; path = "cordova-plugin-console/CDVLogger.h"; sourceTree = "<group>"; };
		171BC94C9B024061BBAE2E24 /* SystemConfiguration.framework */ = {isa = PBXFileReference; explicitFileType = undefined; fileEncoding = 9; includeInIndex = 0; lastKnownFileType = wrapper.framework; name = SystemConfiguration.framework; path = System/Library/Frameworks/SystemConfiguration.framework; sourceTree = SDKROOT; };
		172144CA77E842608A525521 /* CDVJpegHeaderWriter.m */ = {isa = PBXFileReference; explicitFileType = undefined; fileEncoding = 4; includeInIndex = 0; lastKnownFileType = sourcecode.c.objc; name = CDVJpegHeaderWriter.m; path = "cordova-plugin-camera/CDVJpegHeaderWriter.m"; sourceTree = "<group>"; };
		17794FFB60B34E28B852C28B /* AudioToolbox.framework */ = {isa = PBXFileReference; explicitFileType = undefined; fileEncoding = 9; includeInIndex = 0; lastKnownFileType = wrapper.framework; name = AudioToolbox.framework; path = System/Library/Frameworks/AudioToolbox.framework; sourceTree = SDKROOT; };
		1986EC966017426293192060 /* CDVBattery.m */ = {isa = PBXFileReference; explicitFileType = undefined; fileEncoding = 4; includeInIndex = 0; lastKnownFileType = sourcecode.c.objc; name = CDVBattery.m; path = "cordova-plugin-battery-status/CDVBattery.m"; sourceTree = "<group>"; };
		1D3623240D0F684500981E51 /* AppDelegate.h */ = {isa = PBXFileReference; fileEncoding = 4; lastKnownFileType = sourcecode.c.h; path = AppDelegate.h; sourceTree = "<group>"; };
		1D3623250D0F684500981E51 /* AppDelegate.m */ = {isa = PBXFileReference; fileEncoding = 4; lastKnownFileType = sourcecode.c.objc; path = AppDelegate.m; sourceTree = "<group>"; };
		1D6058910D05DD3D006BFB54 /* ProvaPG.app */ = {isa = PBXFileReference; explicitFileType = wrapper.application; includeInIndex = 0; path = ProvaPG.app; sourceTree = BUILT_PRODUCTS_DIR; };
		1D6DB2F9F89344909C4EC015 /* CDVReachability.h */ = {isa = PBXFileReference; explicitFileType = undefined; fileEncoding = 4; includeInIndex = 0; lastKnownFileType = sourcecode.c.h; name = CDVReachability.h; path = "cordova-plugin-network-information/CDVReachability.h"; sourceTree = "<group>"; };
		24F88276B3B3478CA7E214F8 /* CDVFileTransfer.m */ = {isa = PBXFileReference; explicitFileType = undefined; fileEncoding = 4; includeInIndex = 0; lastKnownFileType = sourcecode.c.objc; name = CDVFileTransfer.m; path = "cordova-plugin-file-transfer/CDVFileTransfer.m"; sourceTree = "<group>"; };
		26A4A3F6C5EF4E5992FC29EE /* CDVFileTransfer.h */ = {isa = PBXFileReference; explicitFileType = undefined; fileEncoding = 4; includeInIndex = 0; lastKnownFileType = sourcecode.c.h; name = CDVFileTransfer.h; path = "cordova-plugin-file-transfer/CDVFileTransfer.h"; sourceTree = "<group>"; };
		29B97316FDCFA39411CA2CEA /* main.m */ = {isa = PBXFileReference; fileEncoding = 4; lastKnownFileType = sourcecode.c.objc; path = main.m; sourceTree = "<group>"; };
		2ACCC76D6D224206B438EDA0 /* CDVAssetLibraryFilesystem.m */ = {isa = PBXFileReference; explicitFileType = undefined; fileEncoding = 4; includeInIndex = 0; lastKnownFileType = sourcecode.c.objc; name = CDVAssetLibraryFilesystem.m; path = "cordova-plugin-file/CDVAssetLibraryFilesystem.m"; sourceTree = "<group>"; };
		2F07F0F7A03B41E5AAFD3778 /* CDVAccelerometer.h */ = {isa = PBXFileReference; explicitFileType = undefined; fileEncoding = 4; includeInIndex = 0; lastKnownFileType = sourcecode.c.h; name = CDVAccelerometer.h; path = "cordova-plugin-device-motion/CDVAccelerometer.h"; sourceTree = "<group>"; };
		301BF52D109A57CC0062928A /* CordovaLib.xcodeproj */ = {isa = PBXFileReference; lastKnownFileType = "wrapper.pb-project"; name = CordovaLib.xcodeproj; path = CordovaLib/CordovaLib.xcodeproj; sourceTree = "<group>"; };
		301BF56E109A69640062928A /* www */ = {isa = PBXFileReference; lastKnownFileType = folder; path = www; sourceTree = SOURCE_ROOT; };
		302D95EE14D2391D003F00A1 /* MainViewController.h */ = {isa = PBXFileReference; fileEncoding = 4; lastKnownFileType = sourcecode.c.h; path = MainViewController.h; sourceTree = "<group>"; };
		302D95EF14D2391D003F00A1 /* MainViewController.m */ = {isa = PBXFileReference; fileEncoding = 4; lastKnownFileType = sourcecode.c.objc; path = MainViewController.m; sourceTree = "<group>"; };
		302D95F014D2391D003F00A1 /* MainViewController.xib */ = {isa = PBXFileReference; fileEncoding = 4; lastKnownFileType = file.xib; path = MainViewController.xib; sourceTree = "<group>"; };
		3047A50F1AB8059700498E2A /* build-debug.xcconfig */ = {isa = PBXFileReference; fileEncoding = 4; lastKnownFileType = text.xcconfig; name = "build-debug.xcconfig"; path = "cordova/build-debug.xcconfig"; sourceTree = SOURCE_ROOT; };
		3047A5101AB8059700498E2A /* build-release.xcconfig */ = {isa = PBXFileReference; fileEncoding = 4; lastKnownFileType = text.xcconfig; name = "build-release.xcconfig"; path = "cordova/build-release.xcconfig"; sourceTree = SOURCE_ROOT; };
		3047A5111AB8059700498E2A /* build.xcconfig */ = {isa = PBXFileReference; fileEncoding = 4; lastKnownFileType = text.xcconfig; name = build.xcconfig; path = cordova/build.xcconfig; sourceTree = SOURCE_ROOT; };
		32CA4F630368D1EE00C91783 /* ProvaPG-Prefix.pch */ = {isa = PBXFileReference; fileEncoding = 4; lastKnownFileType = sourcecode.c.h; path = "ProvaPG-Prefix.pch"; sourceTree = "<group>"; };
		3394E6CEC41845D89FEA8067 /* CDVLocalFilesystem.m */ = {isa = PBXFileReference; explicitFileType = undefined; fileEncoding = 4; includeInIndex = 0; lastKnownFileType = sourcecode.c.objc; name = CDVLocalFilesystem.m; path = "cordova-plugin-file/CDVLocalFilesystem.m"; sourceTree = "<group>"; };
		36BF870B5D7C4A20B142A7D5 /* CDVInAppBrowser.m */ = {isa = PBXFileReference; explicitFileType = undefined; fileEncoding = 4; includeInIndex = 0; lastKnownFileType = sourcecode.c.objc; name = CDVInAppBrowser.m; path = "cordova-plugin-inappbrowser/CDVInAppBrowser.m"; sourceTree = "<group>"; };
		37FEB75715CD447AAC2995EC /* CDVLocation.m */ = {isa = PBXFileReference; explicitFileType = undefined; fileEncoding = 4; includeInIndex = 0; lastKnownFileType = sourcecode.c.objc; name = CDVLocation.m; path = "cordova-plugin-geolocation/CDVLocation.m"; sourceTree = "<group>"; };
		3AEC98ABA1A341E5A0BE45DC /* CDVStatusBar.h */ = {isa = PBXFileReference; explicitFileType = undefined; fileEncoding = 4; includeInIndex = 0; lastKnownFileType = sourcecode.c.h; name = CDVStatusBar.h; path = "cordova-plugin-statusbar/CDVStatusBar.h"; sourceTree = "<group>"; };
		43A98D776E114457AC564081 /* CDVReachability.m */ = {isa = PBXFileReference; explicitFileType = undefined; fileEncoding = 4; includeInIndex = 0; lastKnownFileType = sourcecode.c.objc; name = CDVReachability.m; path = "cordova-plugin-network-information/CDVReachability.m"; sourceTree = "<group>"; };
		449BE2A93F514CFB927D78DB /* CDVCamera.m */ = {isa = PBXFileReference; explicitFileType = undefined; fileEncoding = 4; includeInIndex = 0; lastKnownFileType = sourcecode.c.objc; name = CDVCamera.m; path = "cordova-plugin-camera/CDVCamera.m"; sourceTree = "<group>"; };
		4A4DD631002D449B9B336460 /* CDVAssetLibraryFilesystem.h */ = {isa = PBXFileReference; explicitFileType = undefined; fileEncoding = 4; includeInIndex = 0; lastKnownFileType = sourcecode.c.h; name = CDVAssetLibraryFilesystem.h; path = "cordova-plugin-file/CDVAssetLibraryFilesystem.h"; sourceTree = "<group>"; };
		4BB4C24405D941F69C33E93D /* CDVCamera.h */ = {isa = PBXFileReference; explicitFileType = undefined; fileEncoding = 4; includeInIndex = 0; lastKnownFileType = sourcecode.c.h; name = CDVCamera.h; path = "cordova-plugin-camera/CDVCamera.h"; sourceTree = "<group>"; };
		4D100A85D3A0485DB7F429E5 /* CDVViewController+SplashScreen.h */ = {isa = PBXFileReference; explicitFileType = undefined; fileEncoding = 4; includeInIndex = 0; lastKnownFileType = sourcecode.c.h; name = "CDVViewController+SplashScreen.h"; path = "cordova-plugin-splashscreen/CDVViewController+SplashScreen.h"; sourceTree = "<group>"; };
		53C2E479B86A4862B3298496 /* ImageIO.framework */ = {isa = PBXFileReference; explicitFileType = undefined; fileEncoding = 9; includeInIndex = 0; lastKnownFileType = wrapper.framework; name = ImageIO.framework; path = System/Library/Frameworks/ImageIO.framework; sourceTree = SDKROOT; };
		561B38CED67E4EC0A2D2D3BA /* CDVNotification.bundle */ = {isa = PBXFileReference; explicitFileType = undefined; fileEncoding = 9; includeInIndex = 0; lastKnownFileType = "wrapper.plug-in"; path = CDVNotification.bundle; sourceTree = "<group>"; };
		58949F315C964366989F31B7 /* AVFoundation.framework */ = {isa = PBXFileReference; explicitFileType = undefined; fileEncoding = 9; includeInIndex = 0; lastKnownFileType = wrapper.framework; name = AVFoundation.framework; path = System/Library/Frameworks/AVFoundation.framework; sourceTree = SDKROOT; };
		5CB8EBCA9ECF47608FAAE503 /* CDVAccelerometer.m */ = {isa = PBXFileReference; explicitFileType = undefined; fileEncoding = 4; includeInIndex = 0; lastKnownFileType = sourcecode.c.objc; name = CDVAccelerometer.m; path = "cordova-plugin-device-motion/CDVAccelerometer.m"; sourceTree = "<group>"; };
		606507E099AE47A0B4893CEC /* CDVFile.m */ = {isa = PBXFileReference; explicitFileType = undefined; fileEncoding = 4; includeInIndex = 0; lastKnownFileType = sourcecode.c.objc; name = CDVFile.m; path = "cordova-plugin-file/CDVFile.m"; sourceTree = "<group>"; };
		636924A387B94230B1CF13EB /* CoreLocation.framework */ = {isa = PBXFileReference; explicitFileType = undefined; fileEncoding = 9; includeInIndex = 0; lastKnownFileType = wrapper.framework; name = CoreLocation.framework; path = System/Library/Frameworks/CoreLocation.framework; sourceTree = SDKROOT; };
		6412EECD0AB148D9B98BA7CF /* CDVCompass.m */ = {isa = PBXFileReference; explicitFileType = undefined; fileEncoding = 4; includeInIndex = 0; lastKnownFileType = sourcecode.c.objc; name = CDVCompass.m; path = "cordova-plugin-device-orientation/CDVCompass.m"; sourceTree = "<group>"; };
		68DEB1B5D2714F358AC9CC97 /* CDVLocalFilesystem.h */ = {isa = PBXFileReference; explicitFileType = undefined; fileEncoding = 4; includeInIndex = 0; lastKnownFileType = sourcecode.c.h; name = CDVLocalFilesystem.h; path = "cordova-plugin-file/CDVLocalFilesystem.h"; sourceTree = "<group>"; };
		6F269912DEB646AFBA761444 /* CDVInAppBrowser.h */ = {isa = PBXFileReference; explicitFileType = undefined; fileEncoding = 4; includeInIndex = 0; lastKnownFileType = sourcecode.c.h; name = CDVInAppBrowser.h; path = "cordova-plugin-inappbrowser/CDVInAppBrowser.h"; sourceTree = "<group>"; };
		764E51BEEEA14EB381796094 /* CDVDevice.h */ = {isa = PBXFileReference; explicitFileType = undefined; fileEncoding = 4; includeInIndex = 0; lastKnownFileType = sourcecode.c.h; name = CDVDevice.h; path = "cordova-plugin-device/CDVDevice.h"; sourceTree = "<group>"; };
		7B4FE11FFFC24FA2A23D42DB /* CDVVibration.m */ = {isa = PBXFileReference; explicitFileType = undefined; fileEncoding = 4; includeInIndex = 0; lastKnownFileType = sourcecode.c.objc; name = CDVVibration.m; path = "cordova-plugin-vibration/CDVVibration.m"; sourceTree = "<group>"; };
		819247BC168A4E8494783BB1 /* CDVExif.h */ = {isa = PBXFileReference; explicitFileType = undefined; fileEncoding = 4; includeInIndex = 0; lastKnownFileType = sourcecode.c.h; name = CDVExif.h; path = "cordova-plugin-camera/CDVExif.h"; sourceTree = "<group>"; };
		896182F5C76840AF85C0CB1D /* CDVBattery.h */ = {isa = PBXFileReference; explicitFileType = undefined; fileEncoding = 4; includeInIndex = 0; lastKnownFileType = sourcecode.c.h; name = CDVBattery.h; path = "cordova-plugin-battery-status/CDVBattery.h"; sourceTree = "<group>"; };
		8A8845A24E844894B2B82E98 /* UIImage+CropScaleOrientation.h */ = {isa = PBXFileReference; explicitFileType = undefined; fileEncoding = 4; includeInIndex = 0; lastKnownFileType = sourcecode.c.h; name = "UIImage+CropScaleOrientation.h"; path = "cordova-plugin-camera/UIImage+CropScaleOrientation.h"; sourceTree = "<group>"; };
		8D1107310486CEB800E47090 /* ProvaPG-Info.plist */ = {isa = PBXFileReference; fileEncoding = 4; lastKnownFileType = text.plist.xml; name = "ProvaPG-Info.plist"; path = "ProvaPG/ProvaPG-Info.plist"; plistStructureDefinitionIdentifier = "com.apple.xcode.plist.structure-definition.iphone.info-plist"; sourceTree = SOURCE_ROOT; };
		900D39C86B3049CC8B37F855 /* CDVGlobalization.m */ = {isa = PBXFileReference; explicitFileType = undefined; fileEncoding = 4; includeInIndex = 0; lastKnownFileType = sourcecode.c.objc; name = CDVGlobalization.m; path = "cordova-plugin-globalization/CDVGlobalization.m"; sourceTree = "<group>"; };
		9189E5F9EFFC4030BD703B83 /* CDVFile.h */ = {isa = PBXFileReference; explicitFileType = undefined; fileEncoding = 4; includeInIndex = 0; lastKnownFileType = sourcecode.c.h; name = CDVFile.h; path = "cordova-plugin-file/CDVFile.h"; sourceTree = "<group>"; };
		9EE352E02999458A96477594 /* CDVNotification.m */ = {isa = PBXFileReference; explicitFileType = undefined; fileEncoding = 4; includeInIndex = 0; lastKnownFileType = sourcecode.c.objc; name = CDVNotification.m; path = "cordova-plugin-dialogs/CDVNotification.m"; sourceTree = "<group>"; };
		A4AF8BB0EFB04DB1B27DF4CF /* CDVContacts.h */ = {isa = PBXFileReference; explicitFileType = undefined; fileEncoding = 4; includeInIndex = 0; lastKnownFileType = sourcecode.c.h; name = CDVContacts.h; path = "cordova-plugin-contacts/CDVContacts.h"; sourceTree = "<group>"; };
		A80B9C0A62F14962AE856A22 /* CDVSplashScreen.m */ = {isa = PBXFileReference; explicitFileType = undefined; fileEncoding = 4; includeInIndex = 0; lastKnownFileType = sourcecode.c.objc; name = CDVSplashScreen.m; path = "cordova-plugin-splashscreen/CDVSplashScreen.m"; sourceTree = "<group>"; };
		A92853E6442743DAA4C56192 /* CDVJpegHeaderWriter.h */ = {isa = PBXFileReference; explicitFileType = undefined; fileEncoding = 4; includeInIndex = 0; lastKnownFileType = sourcecode.c.h; name = CDVJpegHeaderWriter.h; path = "cordova-plugin-camera/CDVJpegHeaderWriter.h"; sourceTree = "<group>"; };
		AD14301AD43F4496B56FD142 /* CDVVibration.h */ = {isa = PBXFileReference; explicitFileType = undefined; fileEncoding = 4; includeInIndex = 0; lastKnownFileType = sourcecode.c.h; name = CDVVibration.h; path = "cordova-plugin-vibration/CDVVibration.h"; sourceTree = "<group>"; };
		BA32653DF9984F47A8CECA17 /* CDVViewController+SplashScreen.m */ = {isa = PBXFileReference; explicitFileType = undefined; fileEncoding = 4; includeInIndex = 0; lastKnownFileType = sourcecode.c.objc; name = "CDVViewController+SplashScreen.m"; path = "cordova-plugin-splashscreen/CDVViewController+SplashScreen.m"; sourceTree = "<group>"; };
		BA672E7E719549ADAF34AD2D /* CDVConnection.h */ = {isa = PBXFileReference; explicitFileType = undefined; fileEncoding = 4; includeInIndex = 0; lastKnownFileType = sourcecode.c.h; name = CDVConnection.h; path = "cordova-plugin-network-information/CDVConnection.h"; sourceTree = "<group>"; };
		BD4540699E7E4B7FB77E04E8 /* CDVContact.m */ = {isa = PBXFileReference; explicitFileType = undefined; fileEncoding = 4; includeInIndex = 0; lastKnownFileType = sourcecode.c.objc; name = CDVContact.m; path = "cordova-plugin-contacts/CDVContact.m"; sourceTree = "<group>"; };
		BD5A32BFBBB4437A982A929C /* CDVConnection.m */ = {isa = PBXFileReference; explicitFileType = undefined; fileEncoding = 4; includeInIndex = 0; lastKnownFileType = sourcecode.c.objc; name = CDVConnection.m; path = "cordova-plugin-network-information/CDVConnection.m"; sourceTree = "<group>"; };
		C500E878180D42578A18229B /* CDVCapture.h */ = {isa = PBXFileReference; explicitFileType = undefined; fileEncoding = 4; includeInIndex = 0; lastKnownFileType = sourcecode.c.h; name = CDVCapture.h; path = "cordova-plugin-media-capture/CDVCapture.h"; sourceTree = "<group>"; };
		C8CF61AE7CC74D8A8D77F664 /* CDVSound.m */ = {isa = PBXFileReference; explicitFileType = undefined; fileEncoding = 4; includeInIndex = 0; lastKnownFileType = sourcecode.c.objc; name = CDVSound.m; path = "cordova-plugin-media/CDVSound.m"; sourceTree = "<group>"; };
		CB8B44AA215F4511907215BF /* CDVLogger.m */ = {isa = PBXFileReference; explicitFileType = undefined; fileEncoding = 4; includeInIndex = 0; lastKnownFileType = sourcecode.c.objc; name = CDVLogger.m; path = "cordova-plugin-console/CDVLogger.m"; sourceTree = "<group>"; };
		CD185B72C2864291BA952791 /* CDVSplashScreen.h */ = {isa = PBXFileReference; explicitFileType = undefined; fileEncoding = 4; includeInIndex = 0; lastKnownFileType = sourcecode.c.h; name = CDVSplashScreen.h; path = "cordova-plugin-splashscreen/CDVSplashScreen.h"; sourceTree = "<group>"; };
		CD384024E7AF41B4AE6773E4 /* CoreTelephony.framework */ = {isa = PBXFileReference; explicitFileType = undefined; fileEncoding = 9; includeInIndex = 0; lastKnownFileType = wrapper.framework; name = CoreTelephony.framework; path = System/Library/Frameworks/CoreTelephony.framework; sourceTree = SDKROOT; };
		CFCB115A023A43E0A18F69E6 /* CDVCapture.bundle */ = {isa = PBXFileReference; explicitFileType = undefined; fileEncoding = 9; includeInIndex = 0; lastKnownFileType = "wrapper.plug-in"; path = CDVCapture.bundle; sourceTree = "<group>"; };
		D2BB88A3121946189E66A79C /* CDVContact.h */ = {isa = PBXFileReference; explicitFileType = undefined; fileEncoding = 4; includeInIndex = 0; lastKnownFileType = sourcecode.c.h; name = CDVContact.h; path = "cordova-plugin-contacts/CDVContact.h"; sourceTree = "<group>"; };
		D6637E078C454DB98188FE77 /* CoreMotion.framework */ = {isa = PBXFileReference; explicitFileType = undefined; fileEncoding = 9; includeInIndex = 0; lastKnownFileType = wrapper.framework; name = CoreMotion.framework; path = System/Library/Frameworks/CoreMotion.framework; sourceTree = SDKROOT; };
		D8C276E337FF4D329AE1C30B /* CDVDevice.m */ = {isa = PBXFileReference; explicitFileType = undefined; fileEncoding = 4; includeInIndex = 0; lastKnownFileType = sourcecode.c.objc; name = CDVDevice.m; path = "cordova-plugin-device/CDVDevice.m"; sourceTree = "<group>"; };
		DACFD646D5724614BBE51DE8 /* CDVNotification.h */ = {isa = PBXFileReference; explicitFileType = undefined; fileEncoding = 4; includeInIndex = 0; lastKnownFileType = sourcecode.c.h; name = CDVNotification.h; path = "cordova-plugin-dialogs/CDVNotification.h"; sourceTree = "<group>"; };
		DD0618FC35F04EE9BE0D2119 /* CDVGlobalization.h */ = {isa = PBXFileReference; explicitFileType = undefined; fileEncoding = 4; includeInIndex = 0; lastKnownFileType = sourcecode.c.h; name = CDVGlobalization.h; path = "cordova-plugin-globalization/CDVGlobalization.h"; sourceTree = "<group>"; };
		EB87FDF31871DA8E0020F90C /* www */ = {isa = PBXFileReference; lastKnownFileType = folder; name = www; path = ../../www; sourceTree = "<group>"; };
		EB87FDF41871DAF40020F90C /* config.xml */ = {isa = PBXFileReference; lastKnownFileType = text.xml; name = config.xml; path = ../../config.xml; sourceTree = "<group>"; };
		ED33DF2A687741AEAF9F8254 /* Bridging-Header.h */ = {isa = PBXFileReference; fileEncoding = 4; lastKnownFileType = sourcecode.c.h; path = "Bridging-Header.h"; sourceTree = "<group>"; };
		F840E1F0165FE0F500CFE078 /* config.xml */ = {isa = PBXFileReference; lastKnownFileType = text.xml; name = config.xml; path = ProvaPG/config.xml; sourceTree = "<group>"; };
		FCF7D254DD41496E9E961A6D /* CDVCompass.h */ = {isa = PBXFileReference; explicitFileType = undefined; fileEncoding = 4; includeInIndex = 0; lastKnownFileType = sourcecode.c.h; name = CDVCompass.h; path = "cordova-plugin-device-orientation/CDVCompass.h"; sourceTree = "<group>"; };
		FFC7F51EB9E34929BE5726FD /* CDVLocation.h */ = {isa = PBXFileReference; explicitFileType = undefined; fileEncoding = 4; includeInIndex = 0; lastKnownFileType = sourcecode.c.h; name = CDVLocation.h; path = "cordova-plugin-geolocation/CDVLocation.h"; sourceTree = "<group>"; };
/* End PBXFileReference section */

/* Begin PBXFrameworksBuildPhase section */
		1D60588F0D05DD3D006BFB54 /* Frameworks */ = {
			isa = PBXFrameworksBuildPhase;
			buildActionMask = 2147483647;
			files = (
				301BF552109A68D80062928A /* libCordova.a in Frameworks */,
				30A2A1DFA5C44A23AE66A48B /* ImageIO.framework in Frameworks */,
				5451DB8A2FD643029C3DBB3B /* CoreLocation.framework in Frameworks */,
				29C6745AEFD4493FB6F615D0 /* AVFoundation.framework in Frameworks */,
				E1E8F527B76E424F900720DA /* AddressBook.framework in Frameworks */,
				37BA9821CD61471A9DBB5FA2 /* AddressBookUI.framework in Frameworks */,
				C6DD1C9E89F14657B5C3EA7E /* CoreMotion.framework in Frameworks */,
				8021F8D21DA348E38F6B0589 /* AudioToolbox.framework in Frameworks */,
				04454AE5AF9C4448BD950921 /* SystemConfiguration.framework in Frameworks */,
				2C5FA124C41546059D30A275 /* CoreTelephony.framework in Frameworks */,
			);
			runOnlyForDeploymentPostprocessing = 0;
		};
/* End PBXFrameworksBuildPhase section */

/* Begin PBXGroup section */
		080E96DDFE201D6D7F000001 /* Classes */ = {
			isa = PBXGroup;
			children = (
				302D95EE14D2391D003F00A1 /* MainViewController.h */,
				302D95EF14D2391D003F00A1 /* MainViewController.m */,
				302D95F014D2391D003F00A1 /* MainViewController.xib */,
				1D3623240D0F684500981E51 /* AppDelegate.h */,
				1D3623250D0F684500981E51 /* AppDelegate.m */,
			);
			name = Classes;
			path = ProvaPG/Classes;
			sourceTree = SOURCE_ROOT;
		};
		19C28FACFE9D520D11CA2CBB /* Products */ = {
			isa = PBXGroup;
			children = (
				1D6058910D05DD3D006BFB54 /* ProvaPG.app */,
			);
			name = Products;
			sourceTree = "<group>";
		};
		29B97314FDCFA39411CA2CEA /* CustomTemplate */ = {
			isa = PBXGroup;
			children = (
				EB87FDF41871DAF40020F90C /* config.xml */,
				EB87FDF31871DA8E0020F90C /* www */,
				EB87FDF11871DA420020F90C /* Staging */,
				301BF52D109A57CC0062928A /* CordovaLib.xcodeproj */,
				080E96DDFE201D6D7F000001 /* Classes */,
				307C750510C5A3420062BCA9 /* Plugins */,
				29B97315FDCFA39411CA2CEA /* Other Sources */,
				29B97317FDCFA39411CA2CEA /* Resources */,
				29B97323FDCFA39411CA2CEA /* Frameworks */,
				19C28FACFE9D520D11CA2CBB /* Products */,
			);
			name = CustomTemplate;
			sourceTree = "<group>";
		};
		29B97315FDCFA39411CA2CEA /* Other Sources */ = {
			isa = PBXGroup;
			children = (
				32CA4F630368D1EE00C91783 /* ProvaPG-Prefix.pch */,
				29B97316FDCFA39411CA2CEA /* main.m */,
				ED33DF2A687741AEAF9F8254 /* Bridging-Header.h */,
			);
			name = "Other Sources";
			path = ProvaPG;
			sourceTree = "<group>";
		};
		29B97317FDCFA39411CA2CEA /* Resources */ = {
			isa = PBXGroup;
			children = (
				0207DA571B56EA530066E2B4 /* Images.xcassets */,
				3047A50E1AB8057F00498E2A /* config */,
				8D1107310486CEB800E47090 /* ProvaPG-Info.plist */,
				561B38CED67E4EC0A2D2D3BA /* CDVNotification.bundle */,
				CFCB115A023A43E0A18F69E6 /* CDVCapture.bundle */,
			);
			name = Resources;
			path = ProvaPG/Resources;
			sourceTree = "<group>";
		};
		29B97323FDCFA39411CA2CEA /* Frameworks */ = {
			isa = PBXGroup;
			children = (
				53C2E479B86A4862B3298496 /* ImageIO.framework */,
				636924A387B94230B1CF13EB /* CoreLocation.framework */,
				58949F315C964366989F31B7 /* AVFoundation.framework */,
				0A9A9F1F6F5D485788F28CE8 /* AddressBook.framework */,
				048EBC7847054E4EAE80523F /* AddressBookUI.framework */,
				D6637E078C454DB98188FE77 /* CoreMotion.framework */,
				17794FFB60B34E28B852C28B /* AudioToolbox.framework */,
				171BC94C9B024061BBAE2E24 /* SystemConfiguration.framework */,
				CD384024E7AF41B4AE6773E4 /* CoreTelephony.framework */,
			);
			name = Frameworks;
			sourceTree = "<group>";
		};
		301BF52E109A57CC0062928A /* Products */ = {
			isa = PBXGroup;
			children = (
				301BF535109A57CC0062928A /* libCordova.a */,
			);
			name = Products;
			sourceTree = "<group>";
		};
		3047A50E1AB8057F00498E2A /* config */ = {
			isa = PBXGroup;
			children = (
				3047A50F1AB8059700498E2A /* build-debug.xcconfig */,
				3047A5101AB8059700498E2A /* build-release.xcconfig */,
				3047A5111AB8059700498E2A /* build.xcconfig */,
			);
			name = config;
			sourceTree = "<group>";
		};
		307C750510C5A3420062BCA9 /* Plugins */ = {
			isa = PBXGroup;
			children = (
				1986EC966017426293192060 /* CDVBattery.m */,
				896182F5C76840AF85C0CB1D /* CDVBattery.h */,
				105A4B563CBB4F34B270FB80 /* UIImage+CropScaleOrientation.m */,
				449BE2A93F514CFB927D78DB /* CDVCamera.m */,
				172144CA77E842608A525521 /* CDVJpegHeaderWriter.m */,
				8A8845A24E844894B2B82E98 /* UIImage+CropScaleOrientation.h */,
				4BB4C24405D941F69C33E93D /* CDVCamera.h */,
				A92853E6442743DAA4C56192 /* CDVJpegHeaderWriter.h */,
				819247BC168A4E8494783BB1 /* CDVExif.h */,
				CB8B44AA215F4511907215BF /* CDVLogger.m */,
				1592E884116642B288E03574 /* CDVLogger.h */,
				06938BB9AC924E3C892C6836 /* CDVContacts.m */,
				BD4540699E7E4B7FB77E04E8 /* CDVContact.m */,
				A4AF8BB0EFB04DB1B27DF4CF /* CDVContacts.h */,
				D2BB88A3121946189E66A79C /* CDVContact.h */,
				D8C276E337FF4D329AE1C30B /* CDVDevice.m */,
				764E51BEEEA14EB381796094 /* CDVDevice.h */,
				5CB8EBCA9ECF47608FAAE503 /* CDVAccelerometer.m */,
				2F07F0F7A03B41E5AAFD3778 /* CDVAccelerometer.h */,
				6412EECD0AB148D9B98BA7CF /* CDVCompass.m */,
				FCF7D254DD41496E9E961A6D /* CDVCompass.h */,
				9EE352E02999458A96477594 /* CDVNotification.m */,
				DACFD646D5724614BBE51DE8 /* CDVNotification.h */,
				606507E099AE47A0B4893CEC /* CDVFile.m */,
				3394E6CEC41845D89FEA8067 /* CDVLocalFilesystem.m */,
				2ACCC76D6D224206B438EDA0 /* CDVAssetLibraryFilesystem.m */,
				9189E5F9EFFC4030BD703B83 /* CDVFile.h */,
				68DEB1B5D2714F358AC9CC97 /* CDVLocalFilesystem.h */,
				4A4DD631002D449B9B336460 /* CDVAssetLibraryFilesystem.h */,
				24F88276B3B3478CA7E214F8 /* CDVFileTransfer.m */,
				26A4A3F6C5EF4E5992FC29EE /* CDVFileTransfer.h */,
				37FEB75715CD447AAC2995EC /* CDVLocation.m */,
				FFC7F51EB9E34929BE5726FD /* CDVLocation.h */,
				900D39C86B3049CC8B37F855 /* CDVGlobalization.m */,
				DD0618FC35F04EE9BE0D2119 /* CDVGlobalization.h */,
				36BF870B5D7C4A20B142A7D5 /* CDVInAppBrowser.m */,
				6F269912DEB646AFBA761444 /* CDVInAppBrowser.h */,
				C8CF61AE7CC74D8A8D77F664 /* CDVSound.m */,
				06097CF1CBCE49C29816BFEF /* CDVSound.h */,
				0FA6370A94A64B23AE07143C /* CDVCapture.m */,
				C500E878180D42578A18229B /* CDVCapture.h */,
				BD5A32BFBBB4437A982A929C /* CDVConnection.m */,
				43A98D776E114457AC564081 /* CDVReachability.m */,
				BA672E7E719549ADAF34AD2D /* CDVConnection.h */,
				1D6DB2F9F89344909C4EC015 /* CDVReachability.h */,
				A80B9C0A62F14962AE856A22 /* CDVSplashScreen.m */,
				BA32653DF9984F47A8CECA17 /* CDVViewController+SplashScreen.m */,
				CD185B72C2864291BA952791 /* CDVSplashScreen.h */,
				4D100A85D3A0485DB7F429E5 /* CDVViewController+SplashScreen.h */,
				0A71164448174FF4B964EE56 /* CDVStatusBar.m */,
				3AEC98ABA1A341E5A0BE45DC /* CDVStatusBar.h */,
				7B4FE11FFFC24FA2A23D42DB /* CDVVibration.m */,
				AD14301AD43F4496B56FD142 /* CDVVibration.h */,
			);
			name = Plugins;
			path = ProvaPG/Plugins;
			sourceTree = SOURCE_ROOT;
		};
		EB87FDF11871DA420020F90C /* Staging */ = {
			isa = PBXGroup;
			children = (
				F840E1F0165FE0F500CFE078 /* config.xml */,
				301BF56E109A69640062928A /* www */,
			);
			name = Staging;
			sourceTree = "<group>";
		};
/* End PBXGroup section */

/* Begin PBXNativeTarget section */
		1D6058900D05DD3D006BFB54 /* ProvaPG */ = {
			isa = PBXNativeTarget;
			buildConfigurationList = 1D6058960D05DD3E006BFB54 /* Build configuration list for PBXNativeTarget "ProvaPG" */;
			buildPhases = (
				304B58A110DAC018002A0835 /* Copy www directory */,
				1D60588D0D05DD3D006BFB54 /* Resources */,
				1D60588E0D05DD3D006BFB54 /* Sources */,
				1D60588F0D05DD3D006BFB54 /* Frameworks */,
			);
			buildRules = (
			);
			dependencies = (
				301BF551109A68C00062928A /* PBXTargetDependency */,
			);
			name = ProvaPG;
			productName = ProvaPG;
			productReference = 1D6058910D05DD3D006BFB54 /* ProvaPG.app */;
			productType = "com.apple.product-type.application";
		};
/* End PBXNativeTarget section */

/* Begin PBXProject section */
		29B97313FDCFA39411CA2CEA /* Project object */ = {
			isa = PBXProject;
			attributes = {
				LastUpgradeCheck = 510;
			};
			buildConfigurationList = C01FCF4E08A954540054247B /* Build configuration list for PBXProject "ProvaPG" */;
			compatibilityVersion = "Xcode 3.2";
			developmentRegion = English;
			hasScannedForEncodings = 1;
			knownRegions = (
				en,
			);
			mainGroup = 29B97314FDCFA39411CA2CEA /* CustomTemplate */;
			projectDirPath = "";
			projectReferences = (
				{
					ProductGroup = 301BF52E109A57CC0062928A /* Products */;
					ProjectRef = 301BF52D109A57CC0062928A /* CordovaLib.xcodeproj */;
				},
			);
			projectRoot = "";
			targets = (
				1D6058900D05DD3D006BFB54 /* ProvaPG */,
			);
		};
/* End PBXProject section */

/* Begin PBXReferenceProxy section */
		301BF535109A57CC0062928A /* libCordova.a */ = {
			isa = PBXReferenceProxy;
			fileType = archive.ar;
			path = libCordova.a;
			remoteRef = 301BF534109A57CC0062928A /* PBXContainerItemProxy */;
			sourceTree = BUILT_PRODUCTS_DIR;
		};
/* End PBXReferenceProxy section */

/* Begin PBXResourcesBuildPhase section */
		1D60588D0D05DD3D006BFB54 /* Resources */ = {
			isa = PBXResourcesBuildPhase;
			buildActionMask = 2147483647;
			files = (
				302D95F214D2391D003F00A1 /* MainViewController.xib in Resources */,
				3047A5131AB8059700498E2A /* build-release.xcconfig in Resources */,
				3047A5141AB8059700498E2A /* build.xcconfig in Resources */,
				0207DA581B56EA530066E2B4 /* Images.xcassets in Resources */,
				3047A5121AB8059700498E2A /* build-debug.xcconfig in Resources */,
				29B25478BE844BAD925BA0D1 /* CDVNotification.bundle in Resources */,
				DED457C3FBC24152A78242AB /* CDVCapture.bundle in Resources */,
			);
			runOnlyForDeploymentPostprocessing = 0;
		};
/* End PBXResourcesBuildPhase section */

/* Begin PBXShellScriptBuildPhase section */
		304B58A110DAC018002A0835 /* Copy www directory */ = {
			isa = PBXShellScriptBuildPhase;
			buildActionMask = 2147483647;
			files = (
			);
			inputPaths = (
			);
			name = "Copy www directory";
			outputPaths = (
			);
			runOnlyForDeploymentPostprocessing = 0;
			shellPath = /bin/sh;
			shellScript = "NODEJS_PATH=/usr/local/bin; NVM_NODE_PATH=~/.nvm/versions/node/`nvm version 2>/dev/null`/bin; N_NODE_PATH=`find /usr/local/n/versions/node/* -maxdepth 0 -type d 2>/dev/null | tail -1`/bin; XCODE_NODE_PATH=`xcode-select --print-path`/usr/share/xcs/Node/bin; PATH=$NODEJS_PATH:$NVM_NODE_PATH:$N_NODE_PATH:$XCODE_NODE_PATH:$PATH && node cordova/lib/copy-www-build-step.js";
			showEnvVarsInLog = 0;
		};
/* End PBXShellScriptBuildPhase section */

/* Begin PBXSourcesBuildPhase section */
		1D60588E0D05DD3D006BFB54 /* Sources */ = {
			isa = PBXSourcesBuildPhase;
			buildActionMask = 2147483647;
			files = (
				1D60589B0D05DD56006BFB54 /* main.m in Sources */,
				1D3623260D0F684500981E51 /* AppDelegate.m in Sources */,
				302D95F114D2391D003F00A1 /* MainViewController.m in Sources */,
				8FF996EF941F40748F69DC7F /* CDVBattery.m in Sources */,
				540DCB863E6748629A05AA23 /* UIImage+CropScaleOrientation.m in Sources */,
				6ED1C91D0B2E45D19AFA0CB5 /* CDVCamera.m in Sources */,
				812832AF16814D51A2636866 /* CDVJpegHeaderWriter.m in Sources */,
				7889BC52261B4B81A0DA8178 /* CDVLogger.m in Sources */,
				EC5A9088B5474C5798EDA4D2 /* CDVContacts.m in Sources */,
				30D08957100448C69F576B52 /* CDVContact.m in Sources */,
				1B07094194CA4E7EBB94DF85 /* CDVDevice.m in Sources */,
				AA9362674C9443D9BC9C212B /* CDVAccelerometer.m in Sources */,
				C32DAB7C69F14AF09839BFC6 /* CDVCompass.m in Sources */,
				9805EC229B3849D2B9FD222B /* CDVNotification.m in Sources */,
				1087E7CE3BA6460FA1D94010 /* CDVFile.m in Sources */,
				776F4D8801624B10BEFC99A4 /* CDVLocalFilesystem.m in Sources */,
				620BC186FFF04B7FABF80BD8 /* CDVAssetLibraryFilesystem.m in Sources */,
				FD4366DB723C44699370DE8E /* CDVFileTransfer.m in Sources */,
				5E730B4C415941FBB51F618C /* CDVLocation.m in Sources */,
				24EE4471FCCB46A887F1B628 /* CDVGlobalization.m in Sources */,
				04F53AFD804249CB8132AA87 /* CDVInAppBrowser.m in Sources */,
				B0DB704E8E5A4F218ECE3A12 /* CDVSound.m in Sources */,
				5FC5CDD47701445BAC35F701 /* CDVCapture.m in Sources */,
				3D5CFAB62FCB4340AD81026E /* CDVConnection.m in Sources */,
				271621C429604B6CA960E697 /* CDVReachability.m in Sources */,
				C55E19A2DBBF4AC7B2EB390E /* CDVSplashScreen.m in Sources */,
				2254283FD42442BBB0E3F510 /* CDVViewController+SplashScreen.m in Sources */,
				EB4232033E194A9990C0DF9D /* CDVStatusBar.m in Sources */,
				EFBCA1282CE44368B61DD7A3 /* CDVVibration.m in Sources */,
			);
			runOnlyForDeploymentPostprocessing = 0;
		};
/* End PBXSourcesBuildPhase section */

/* Begin PBXTargetDependency section */
		301BF551109A68C00062928A /* PBXTargetDependency */ = {
			isa = PBXTargetDependency;
			name = CordovaLib;
			targetProxy = 301BF550109A68C00062928A /* PBXContainerItemProxy */;
		};
/* End PBXTargetDependency section */

/* Begin XCBuildConfiguration section */
		1D6058940D05DD3E006BFB54 /* Debug */ = {
			isa = XCBuildConfiguration;
			baseConfigurationReference = 3047A50F1AB8059700498E2A /* build-debug.xcconfig */;
			buildSettings = {
				ALWAYS_SEARCH_USER_PATHS = NO;
				ASSETCATALOG_COMPILER_APPICON_NAME = AppIcon;
				ASSETCATALOG_COMPILER_LAUNCHIMAGE_NAME = LaunchImage;
				CLANG_ENABLE_MODULES = YES;
				CLANG_ENABLE_OBJC_ARC = YES;
				COPY_PHASE_STRIP = NO;
				GCC_DYNAMIC_NO_PIC = NO;
				GCC_OPTIMIZATION_LEVEL = 0;
				GCC_PRECOMPILE_PREFIX_HEADER = YES;
				GCC_PREFIX_HEADER = "ProvaPG/ProvaPG-Prefix.pch";
				GCC_THUMB_SUPPORT = NO;
				GCC_VERSION = "";
				INFOPLIST_FILE = "ProvaPG/ProvaPG-Info.plist";
				LD_RUNPATH_SEARCH_PATHS = "@executable_path/Frameworks";
				PRODUCT_NAME = ProvaPG;
			};
			name = Debug;
		};
		1D6058950D05DD3E006BFB54 /* Release */ = {
			isa = XCBuildConfiguration;
			baseConfigurationReference = 3047A5101AB8059700498E2A /* build-release.xcconfig */;
			buildSettings = {
				ALWAYS_SEARCH_USER_PATHS = NO;
				ASSETCATALOG_COMPILER_APPICON_NAME = AppIcon;
				ASSETCATALOG_COMPILER_LAUNCHIMAGE_NAME = LaunchImage;
				CLANG_ENABLE_MODULES = YES;
				CLANG_ENABLE_OBJC_ARC = YES;
				COPY_PHASE_STRIP = YES;
				GCC_PRECOMPILE_PREFIX_HEADER = YES;
				GCC_PREFIX_HEADER = "ProvaPG/ProvaPG-Prefix.pch";
				GCC_THUMB_SUPPORT = NO;
				GCC_VERSION = "";
				INFOPLIST_FILE = "ProvaPG/ProvaPG-Info.plist";
				PRODUCT_NAME = ProvaPG;
			};
			name = Release;
		};
		C01FCF4F08A954540054247B /* Debug */ = {
			isa = XCBuildConfiguration;
			baseConfigurationReference = 3047A5111AB8059700498E2A /* build.xcconfig */;
			buildSettings = {
				CLANG_ENABLE_MODULES = YES;
				CLANG_ENABLE_OBJC_ARC = YES;
				CLANG_WARN_BOOL_CONVERSION = YES;
				CLANG_WARN_CONSTANT_CONVERSION = YES;
				CLANG_WARN_EMPTY_BODY = YES;
				CLANG_WARN_ENUM_CONVERSION = YES;
				CLANG_WARN_INT_CONVERSION = YES;
				CLANG_WARN__DUPLICATE_METHOD_MATCH = YES;
				GCC_C_LANGUAGE_STANDARD = c99;
				GCC_THUMB_SUPPORT = NO;
				GCC_VERSION = "";
				GCC_WARN_ABOUT_RETURN_TYPE = YES;
				GCC_WARN_UNDECLARED_SELECTOR = YES;
				GCC_WARN_UNINITIALIZED_AUTOS = YES;
				GCC_WARN_UNUSED_FUNCTION = YES;
				GCC_WARN_UNUSED_VARIABLE = YES;
				ONLY_ACTIVE_ARCH = YES;
				SDKROOT = iphoneos;
				SKIP_INSTALL = NO;
			};
			name = Debug;
		};
		C01FCF5008A954540054247B /* Release */ = {
			isa = XCBuildConfiguration;
			baseConfigurationReference = 3047A5111AB8059700498E2A /* build.xcconfig */;
			buildSettings = {
				CLANG_ENABLE_MODULES = YES;
				CLANG_ENABLE_OBJC_ARC = YES;
				CLANG_WARN_BOOL_CONVERSION = YES;
				CLANG_WARN_CONSTANT_CONVERSION = YES;
				CLANG_WARN_EMPTY_BODY = YES;
				CLANG_WARN_ENUM_CONVERSION = YES;
				CLANG_WARN_INT_CONVERSION = YES;
				CLANG_WARN__DUPLICATE_METHOD_MATCH = YES;
				GCC_C_LANGUAGE_STANDARD = c99;
				GCC_THUMB_SUPPORT = NO;
				GCC_VERSION = "";
				GCC_WARN_ABOUT_RETURN_TYPE = YES;
				GCC_WARN_UNDECLARED_SELECTOR = YES;
				GCC_WARN_UNINITIALIZED_AUTOS = YES;
				GCC_WARN_UNUSED_FUNCTION = YES;
				GCC_WARN_UNUSED_VARIABLE = YES;
				SDKROOT = iphoneos;
				SKIP_INSTALL = NO;
			};
			name = Release;
		};
/* End XCBuildConfiguration section */

/* Begin XCConfigurationList section */
		1D6058960D05DD3E006BFB54 /* Build configuration list for PBXNativeTarget "ProvaPG" */ = {
			isa = XCConfigurationList;
			buildConfigurations = (
				1D6058940D05DD3E006BFB54 /* Debug */,
				1D6058950D05DD3E006BFB54 /* Release */,
			);
			defaultConfigurationIsVisible = 0;
			defaultConfigurationName = Release;
		};
		C01FCF4E08A954540054247B /* Build configuration list for PBXProject "ProvaPG" */ = {
			isa = XCConfigurationList;
			buildConfigurations = (
				C01FCF4F08A954540054247B /* Debug */,
				C01FCF5008A954540054247B /* Release */,
			);
			defaultConfigurationIsVisible = 0;
			defaultConfigurationName = Release;
		};
/* End XCConfigurationList section */
	};
	rootObject = 29B97313FDCFA39411CA2CEA /* Project object */;
}
